{
    "name": "d",
    "version": "1.0.0",
    "lockfileVersion": 3,
    "requires": true,
    "packages": {
        "": {
            "name": "d",
            "version": "1.0.0",
            "license": "ISC",
            "dependencies": {
                "bignumber.js": "^9.0.1",
                "dayjs": "^1.9.8",
                "n-readlines-next": "^1.0.3"
            }
        },
        "node_modules/bignumber.js": {
            "version": "9.0.1",
            "resolved": "https://registry.npmjs.org/bignumber.js/-/bignumber.js-9.0.1.tgz",
            "integrity": "sha512-IdZR9mh6ahOBv/hYGiXyVuyCetmGJhtYkqLBpTStdhEGjegpPlUawydyaF3pbIOFynJTpllEs+NP+CS9jKFLjA==",
            "engines": {
                "node": "*"
            }
        },
        "node_modules/buf-indexof": {
            "version": "1.0.1",
            "resolved": "https://registry.npmjs.org/buf-indexof/-/buf-indexof-1.0.1.tgz",
            "integrity": "sha1-QsIE80vSiBHKiPeIJ0Ogk6Lqc8E=",
            "engines": {
                "node": ">=0.10.0"
            }
        },
        "node_modules/dayjs": {
            "version": "1.9.8",
            "resolved": "https://registry.npmjs.org/dayjs/-/dayjs-1.9.8.tgz",
            "integrity": "sha512-F42qBtJRa30FKF7XDnOQyNUTsaxDkuaZRj/i7BejSHC34LlLfPoIU4aeopvWfM+m1dJ6/DHKAWLg2ur+pLgq1w=="
        },
        "node_modules/n-readlines-next": {
            "version": "1.0.3",
            "resolved": "https://registry.npmjs.org/n-readlines-next/-/n-readlines-next-1.0.3.tgz",
            "integrity": "sha512-rLGNwmQlCa4dzq6GGZWSfwjajwz2qPzP+0DpC9xNz1at3FVu0zQw5afFGVIbZyrrCf4Do2uWFBRg98iVRxaQ3Q==",
            "dependencies": {
                "buf-indexof": "^1.0.1"
            },
            "engines": {
                "node": ">=0.10.0"
            }
        }
    }
}
